
Microsoft Visual Studio Solution File, Format Version 12.00
# Visual Studio Version 16
VisualStudioVersion = 16.0.31205.134
MinimumVisualStudioVersion = 10.0.40219.1
Project("{FAE04EC0-301F-11D3-BF4B-00C04F79EFBC}") = "HelloWorld.Android", "HelloWorld\HelloWorld.Android\HelloWorld.Android.csproj", "{73CE8E30-1A9E-4CD2-B3A4-31BE54B06CB7}"
EndProject
Project("{FAE04EC0-301F-11D3-BF4B-00C04F79EFBC}") = "HelloWorld.iOS", "HelloWorld\HelloWorld.iOS\HelloWorld.iOS.csproj", "{B67F6F73-BF99-4C13-BB8D-47608272D3FF}"
EndProject
Project("{FAE04EC0-301F-11D3-BF4B-00C04F79EFBC}") = "HelloWorld", "HelloWorld\HelloWorld\HelloWorld.csproj", "{6BFBF652-98C8-45B9-86D4-2A87E2242CF7}"
EndProject
Global
	GlobalSection(SolutionConfigurationPlatforms) = preSolution
		Debug|Any CPU = Debug|Any CPU
		Debug|iPhone = Debug|iPhone
		Debug|iPhoneSimulator = Debug|iPhoneSimulator
		Release|Any CPU = Release|Any CPU
		Release|iPhone = Release|iPhone
		Release|iPhoneSimulator = Release|iPhoneSimulator
	EndGlobalSection
	GlobalSection(ProjectConfigurationPlatforms) = postSolution
		{73CE8E30-1A9E-4CD2-B3A4-31BE54B06CB7}.Debug|Any CPU.ActiveCfg = Debug|Any CPU
		{73CE8E30-1A9E-4CD2-B3A4-31BE54B06CB7}.Debug|Any CPU.Build.0 = Debug|Any CPU
		{73CE8E30-1A9E-4CD2-B3A4-31BE54B06CB7}.Debug|Any CPU.Deploy.0 = Debug|Any CPU
		{73CE8E30-1A9E-4CD2-B3A4-31BE54B06CB7}.Debug|iPhone.ActiveCfg = Debug|Any CPU
		{73CE8E30-1A9E-4CD2-B3A4-31BE54B06CB7}.Debug|iPhone.Build.0 = Debug|Any CPU
		{73CE8E30-1A9E-4CD2-B3A4-31BE54B06CB7}.Debug|iPhone.Deploy.0 = Debug|Any CPU
		{73CE8E30-1A9E-4CD2-B3A4-31BE54B06CB7}.Debug|iPhoneSimulator.ActiveCfg = Debug|Any CPU
		{73CE8E30-1A9E-4CD2-B3A4-31BE54B06CB7}.Debug|iPhoneSimulator.Build.0 = Debug|Any CPU
		{73CE8E30-1A9E-4CD2-B3A4-31BE54B06CB7}.Debug|iPhoneSimulator.Deploy.0 = Debug|Any CPU
		{73CE8E30-1A9E-4CD2-B3A4-31BE54B06CB7}.Release|Any CPU.ActiveCfg = Release|Any CPU
		{73CE8E30-1A9E-4CD2-B3A4-31BE54B06CB7}.Release|Any CPU.Build.0 = Release|Any CPU
		{73CE8E30-1A9E-4CD2-B3A4-31BE54B06CB7}.Release|Any CPU.Deploy.0 = Release|Any CPU
		{73CE8E30-1A9E-4CD2-B3A4-31BE54B06CB7}.Release|iPhone.ActiveCfg = Release|Any CPU
		{73CE8E30-1A9E-4CD2-B3A4-31BE54B06CB7}.Release|iPhone.Build.0 = Release|Any CPU
		{73CE8E30-1A9E-4CD2-B3A4-31BE54B06CB7}.Release|iPhone.Deploy.0 = Release|Any CPU
		{73CE8E30-1A9E-4CD2-B3A4-31BE54B06CB7}.Release|iPhoneSimulator.ActiveCfg = Release|Any CPU
		{73CE8E30-1A9E-4CD2-B3A4-31BE54B06CB7}.Release|iPhoneSimulator.Build.0 = Release|Any CPU
		{73CE8E30-1A9E-4CD2-B3A4-31BE54B06CB7}.Release|iPhoneSimulator.Deploy.0 = Release|Any CPU
		{B67F6F73-BF99-4C13-BB8D-47608272D3FF}.Debug|Any CPU.ActiveCfg = Debug|iPhone
		{B67F6F73-BF99-4C13-BB8D-47608272D3FF}.Debug|Any CPU.Build.0 = Debug|iPhone
		{B67F6F73-BF99-4C13-BB8D-47608272D3FF}.Debug|Any CPU.Deploy.0 = Debug|iPhone
		{B67F6F73-BF99-4C13-BB8D-47608272D3FF}.Debug|iPhone.ActiveCfg = Debug|iPhone
		{B67F6F73-BF99-4C13-BB8D-47608272D3FF}.Debug|iPhone.Build.0 = Debug|iPhone
		{B67F6F73-BF99-4C13-BB8D-47608272D3FF}.Debug|iPhone.Deploy.0 = Debug|iPhone
		{B67F6F73-BF99-4C13-BB8D-47608272D3FF}.Debug|iPhoneSimulator.ActiveCfg = Debug|iPhoneSimulator
		{B67F6F73-BF99-4C13-BB8D-47608272D3FF}.Debug|iPhoneSimulator.Build.0 = Debug|iPhoneSimulator
		{B67F6F73-BF99-4C13-BB8D-47608272D3FF}.Debug|iPhoneSimulator.Deploy.0 = Debug|iPhoneSimulator
		{B67F6F73-BF99-4C13-BB8D-47608272D3FF}.Release|Any CPU.ActiveCfg = Release|iPhoneSimulator
		{B67F6F73-BF99-4C13-BB8D-47608272D3FF}.Release|Any CPU.Build.0 = Release|iPhoneSimulator
		{B67F6F73-BF99-4C13-BB8D-47608272D3FF}.Release|Any CPU.Deploy.0 = Release|iPhoneSimulator
		{B67F6F73-BF99-4C13-BB8D-47608272D3FF}.Release|iPhone.ActiveCfg = Release|iPhone
		{B67F6F73-BF99-4C13-BB8D-47608272D3FF}.Release|iPhone.Build.0 = Release|iPhone
		{B67F6F73-BF99-4C13-BB8D-47608272D3FF}.Release|iPhone.Deploy.0 = Release|iPhone
		{B67F6F73-BF99-4C13-BB8D-47608272D3FF}.Release|iPhoneSimulator.ActiveCfg = Release|iPhoneSimulator
		{B67F6F73-BF99-4C13-BB8D-47608272D3FF}.Release|iPhoneSimulator.Build.0 = Release|iPhoneSimulator
		{B67F6F73-BF99-4C13-BB8D-47608272D3FF}.Release|iPhoneSimulator.Deploy.0 = Release|iPhoneSimulator
		{6BFBF652-98C8-45B9-86D4-2A87E2242CF7}.Debug|Any CPU.ActiveCfg = Debug|Any CPU
		{6BFBF652-98C8-45B9-86D4-2A87E2242CF7}.Debug|Any CPU.Build.0 = Debug|Any CPU
		{6BFBF652-98C8-45B9-86D4-2A87E2242CF7}.Debug|Any CPU.Deploy.0 = Debug|Any CPU
		{6BFBF652-98C8-45B9-86D4-2A87E2242CF7}.Debug|iPhone.ActiveCfg = Debug|Any CPU
		{6BFBF652-98C8-45B9-86D4-2A87E2242CF7}.Debug|iPhone.Build.0 = Debug|Any CPU
		{6BFBF652-98C8-45B9-86D4-2A87E2242CF7}.Debug|iPhone.Deploy.0 = Debug|Any CPU
		{6BFBF652-98C8-45B9-86D4-2A87E2242CF7}.Debug|iPhoneSimulator.ActiveCfg = Debug|Any CPU
		{6BFBF652-98C8-45B9-86D4-2A87E2242CF7}.Debug|iPhoneSimulator.Build.0 = Debug|Any CPU
		{6BFBF652-98C8-45B9-86D4-2A87E2242CF7}.Debug|iPhoneSimulator.Deploy.0 = Debug|Any CPU
		{6BFBF652-98C8-45B9-86D4-2A87E2242CF7}.Release|Any CPU.ActiveCfg = Release|Any CPU
		{6BFBF652-98C8-45B9-86D4-2A87E2242CF7}.Release|Any CPU.Build.0 = Release|Any CPU
		{6BFBF652-98C8-45B9-86D4-2A87E2242CF7}.Release|Any CPU.Deploy.0 = Release|Any CPU
		{6BFBF652-98C8-45B9-86D4-2A87E2242CF7}.Release|iPhone.ActiveCfg = Release|Any CPU
		{6BFBF652-98C8-45B9-86D4-2A87E2242CF7}.Release|iPhone.Build.0 = Release|Any CPU
		{6BFBF652-98C8-45B9-86D4-2A87E2242CF7}.Release|iPhone.Deploy.0 = Release|Any CPU
		{6BFBF652-98C8-45B9-86D4-2A87E2242CF7}.Release|iPhoneSimulator.ActiveCfg = Release|Any CPU
		{6BFBF652-98C8-45B9-86D4-2A87E2242CF7}.Release|iPhoneSimulator.Build.0 = Release|Any CPU
		{6BFBF652-98C8-45B9-86D4-2A87E2242CF7}.Release|iPhoneSimulator.Deploy.0 = Release|Any CPU
	EndGlobalSection
	GlobalSection(SolutionProperties) = preSolution
		HideSolutionNode = FALSE
	EndGlobalSection
	GlobalSection(ExtensibilityGlobals) = postSolution
		SolutionGuid = {951E4DC3-B7DD-4AC8-83D6-272FDCE6486B}
	EndGlobalSection
EndGlobal
